
Microsoft Visual Studio Solution File, Format Version 12.00
# Visual Studio 2012
Project("{FAE04EC0-301F-11D3-BF4B-00C04F79EFBC}") = "Darkmode", "Darkmode\Darkmode.csproj", "{2CA0B57D-A340-4FFF-B39E-059D04490C9D}"
EndProject
Global
	GlobalSection(SolutionConfigurationPlatforms) = preSolution
		Debug|iPhoneSimulator = Debug|iPhoneSimulator
		Release|iPhone = Release|iPhone
		Release|iPhoneSimulator = Release|iPhoneSimulator
		Debug|iPhone = Debug|iPhone
	EndGlobalSection
	GlobalSection(ProjectConfigurationPlatforms) = postSolution
		{2CA0B57D-A340-4FFF-B39E-059D04490C9D}.Debug|iPhoneSimulator.ActiveCfg = Debug|iPhoneSimulator
		{2CA0B57D-A340-4FFF-B39E-059D04490C9D}.Debug|iPhoneSimulator.Build.0 = Debug|iPhoneSimulator
		{2CA0B57D-A340-4FFF-B39E-059D04490C9D}.Release|iPhone.ActiveCfg = Release|iPhone
		{2CA0B57D-A340-4FFF-B39E-059D04490C9D}.Release|iPhone.Build.0 = Release|iPhone
		{2CA0B57D-A340-4FFF-B39E-059D04490C9D}.Release|iPhoneSimulator.ActiveCfg = Release|iPhoneSimulator
		{2CA0B57D-A340-4FFF-B39E-059D04490C9D}.Release|iPhoneSimulator.Build.0 = Release|iPhoneSimulator
		{2CA0B57D-A340-4FFF-B39E-059D04490C9D}.Debug|iPhone.ActiveCfg = Debug|iPhone
		{2CA0B57D-A340-4FFF-B39E-059D04490C9D}.Debug|iPhone.Build.0 = Debug|iPhone
	EndGlobalSection
EndGlobal
